
Microsoft Visual Studio Solution File, Format Version 12.00
# Visual Studio 15
VisualStudioVersion = 15.0.25807.0
MinimumVisualStudioVersion = 10.0.40219.1
Project("{2150E333-8FDC-42A3-9474-1A3956D46DE8}") = "Engine", "Engine", "{3AE1C4C8-2149-47A0-AC19-CF94FF7ADB8A}"
EndProject
Project("{2150E333-8FDC-42A3-9474-1A3956D46DE8}") = "Games", "Games", "{44F87F7F-D114-40AC-AF28-794B736B2A30}"
EndProject
Project("{8BC9CEB8-8B4A-11D0-8D11-00A0C91BC942}") = "UE4", "Intermediate\ProjectFiles\UE4.vcxproj", "{418C20E5-E35A-43CF-9C4A-CF5C91CE8104}"
EndProject
Project("{8BC9CEB8-8B4A-11D0-8D11-00A0C91BC942}") = "BuildingEscape", "Intermediate\ProjectFiles\BuildingEscape.vcxproj", "{CF8AB07C-E7C1-4A65-83B6-2889E6F2F7E2}"
EndProject
Global
	GlobalSection(SolutionConfigurationPlatforms) = preSolution
		DebugGame Editor|HTML5 = DebugGame Editor|HTML5
		DebugGame Editor|Win32 = DebugGame Editor|Win32
		DebugGame Editor|Win64 = DebugGame Editor|Win64
		DebugGame|HTML5 = DebugGame|HTML5
		DebugGame|Win32 = DebugGame|Win32
		DebugGame|Win64 = DebugGame|Win64
		Development Editor|HTML5 = Development Editor|HTML5
		Development Editor|Win32 = Development Editor|Win32
		Development Editor|Win64 = Development Editor|Win64
		Development|HTML5 = Development|HTML5
		Development|Win32 = Development|Win32
		Development|Win64 = Development|Win64
		Shipping|HTML5 = Shipping|HTML5
		Shipping|Win32 = Shipping|Win32
		Shipping|Win64 = Shipping|Win64
	EndGlobalSection
	GlobalSection(ProjectConfigurationPlatforms) = postSolution
		{418C20E5-E35A-43CF-9C4A-CF5C91CE8104}.DebugGame Editor|HTML5.ActiveCfg = BuiltWithUnrealBuildTool|Win32
		{418C20E5-E35A-43CF-9C4A-CF5C91CE8104}.DebugGame Editor|HTML5.Build.0 = BuiltWithUnrealBuildTool|Win32
		{418C20E5-E35A-43CF-9C4A-CF5C91CE8104}.DebugGame Editor|Win32.ActiveCfg = BuiltWithUnrealBuildTool|Win32
		{418C20E5-E35A-43CF-9C4A-CF5C91CE8104}.DebugGame Editor|Win32.Build.0 = BuiltWithUnrealBuildTool|Win32
		{418C20E5-E35A-43CF-9C4A-CF5C91CE8104}.DebugGame Editor|Win64.ActiveCfg = BuiltWithUnrealBuildTool|Win32
		{418C20E5-E35A-43CF-9C4A-CF5C91CE8104}.DebugGame Editor|Win64.Build.0 = BuiltWithUnrealBuildTool|Win32
		{418C20E5-E35A-43CF-9C4A-CF5C91CE8104}.DebugGame|HTML5.ActiveCfg = BuiltWithUnrealBuildTool|Win32
		{418C20E5-E35A-43CF-9C4A-CF5C91CE8104}.DebugGame|HTML5.Build.0 = BuiltWithUnrealBuildTool|Win32
		{418C20E5-E35A-43CF-9C4A-CF5C91CE8104}.DebugGame|Win32.ActiveCfg = BuiltWithUnrealBuildTool|Win32
		{418C20E5-E35A-43CF-9C4A-CF5C91CE8104}.DebugGame|Win32.Build.0 = BuiltWithUnrealBuildTool|Win32
		{418C20E5-E35A-43CF-9C4A-CF5C91CE8104}.DebugGame|Win64.ActiveCfg = BuiltWithUnrealBuildTool|Win32
		{418C20E5-E35A-43CF-9C4A-CF5C91CE8104}.DebugGame|Win64.Build.0 = BuiltWithUnrealBuildTool|Win32
		{418C20E5-E35A-43CF-9C4A-CF5C91CE8104}.Development Editor|HTML5.ActiveCfg = BuiltWithUnrealBuildTool|Win32
		{418C20E5-E35A-43CF-9C4A-CF5C91CE8104}.Development Editor|HTML5.Build.0 = BuiltWithUnrealBuildTool|Win32
		{418C20E5-E35A-43CF-9C4A-CF5C91CE8104}.Development Editor|Win32.ActiveCfg = BuiltWithUnrealBuildTool|Win32
		{418C20E5-E35A-43CF-9C4A-CF5C91CE8104}.Development Editor|Win32.Build.0 = BuiltWithUnrealBuildTool|Win32
		{418C20E5-E35A-43CF-9C4A-CF5C91CE8104}.Development Editor|Win64.ActiveCfg = BuiltWithUnrealBuildTool|Win32
		{418C20E5-E35A-43CF-9C4A-CF5C91CE8104}.Development Editor|Win64.Build.0 = BuiltWithUnrealBuildTool|Win32
		{418C20E5-E35A-43CF-9C4A-CF5C91CE8104}.Development|HTML5.ActiveCfg = BuiltWithUnrealBuildTool|Win32
		{418C20E5-E35A-43CF-9C4A-CF5C91CE8104}.Development|HTML5.Build.0 = BuiltWithUnrealBuildTool|Win32
		{418C20E5-E35A-43CF-9C4A-CF5C91CE8104}.Development|Win32.ActiveCfg = BuiltWithUnrealBuildTool|Win32
		{418C20E5-E35A-43CF-9C4A-CF5C91CE8104}.Development|Win32.Build.0 = BuiltWithUnrealBuildTool|Win32
		{418C20E5-E35A-43CF-9C4A-CF5C91CE8104}.Development|Win64.ActiveCfg = BuiltWithUnrealBuildTool|Win32
		{418C20E5-E35A-43CF-9C4A-CF5C91CE8104}.Development|Win64.Build.0 = BuiltWithUnrealBuildTool|Win32
		{418C20E5-E35A-43CF-9C4A-CF5C91CE8104}.Shipping|HTML5.ActiveCfg = BuiltWithUnrealBuildTool|Win32
		{418C20E5-E35A-43CF-9C4A-CF5C91CE8104}.Shipping|HTML5.Build.0 = BuiltWithUnrealBuildTool|Win32
		{418C20E5-E35A-43CF-9C4A-CF5C91CE8104}.Shipping|Win32.ActiveCfg = BuiltWithUnrealBuildTool|Win32
		{418C20E5-E35A-43CF-9C4A-CF5C91CE8104}.Shipping|Win32.Build.0 = BuiltWithUnrealBuildTool|Win32
		{418C20E5-E35A-43CF-9C4A-CF5C91CE8104}.Shipping|Win64.ActiveCfg = BuiltWithUnrealBuildTool|Win32
		{418C20E5-E35A-43CF-9C4A-CF5C91CE8104}.Shipping|Win64.Build.0 = BuiltWithUnrealBuildTool|Win32
		{CF8AB07C-E7C1-4A65-83B6-2889E6F2F7E2}.DebugGame Editor|HTML5.ActiveCfg = HTML5_DebugGame_Editor|Win32
		{CF8AB07C-E7C1-4A65-83B6-2889E6F2F7E2}.DebugGame Editor|Win32.ActiveCfg = DebugGame_Editor|Win32
		{CF8AB07C-E7C1-4A65-83B6-2889E6F2F7E2}.DebugGame Editor|Win64.ActiveCfg = DebugGame_Editor|x64
		{CF8AB07C-E7C1-4A65-83B6-2889E6F2F7E2}.DebugGame Editor|Win64.Build.0 = DebugGame_Editor|x64
		{CF8AB07C-E7C1-4A65-83B6-2889E6F2F7E2}.DebugGame|HTML5.ActiveCfg = HTML5_DebugGame_Game|Win32
		{CF8AB07C-E7C1-4A65-83B6-2889E6F2F7E2}.DebugGame|HTML5.Build.0 = HTML5_DebugGame_Game|Win32
		{CF8AB07C-E7C1-4A65-83B6-2889E6F2F7E2}.DebugGame|Win32.ActiveCfg = DebugGame_Game|Win32
		{CF8AB07C-E7C1-4A65-83B6-2889E6F2F7E2}.DebugGame|Win32.Build.0 = DebugGame_Game|Win32
		{CF8AB07C-E7C1-4A65-83B6-2889E6F2F7E2}.DebugGame|Win64.ActiveCfg = DebugGame_Game|x64
		{CF8AB07C-E7C1-4A65-83B6-2889E6F2F7E2}.DebugGame|Win64.Build.0 = DebugGame_Game|x64
		{CF8AB07C-E7C1-4A65-83B6-2889E6F2F7E2}.Development Editor|HTML5.ActiveCfg = HTML5_Development_Editor|Win32
		{CF8AB07C-E7C1-4A65-83B6-2889E6F2F7E2}.Development Editor|Win32.ActiveCfg = Development_Editor|Win32
		{CF8AB07C-E7C1-4A65-83B6-2889E6F2F7E2}.Development Editor|Win64.ActiveCfg = Development_Editor|x64
		{CF8AB07C-E7C1-4A65-83B6-2889E6F2F7E2}.Development Editor|Win64.Build.0 = Development_Editor|x64
		{CF8AB07C-E7C1-4A65-83B6-2889E6F2F7E2}.Development|HTML5.ActiveCfg = HTML5_Development_Game|Win32
		{CF8AB07C-E7C1-4A65-83B6-2889E6F2F7E2}.Development|HTML5.Build.0 = HTML5_Development_Game|Win32
		{CF8AB07C-E7C1-4A65-83B6-2889E6F2F7E2}.Development|Win32.ActiveCfg = Development_Game|Win32
		{CF8AB07C-E7C1-4A65-83B6-2889E6F2F7E2}.Development|Win32.Build.0 = Development_Game|Win32
		{CF8AB07C-E7C1-4A65-83B6-2889E6F2F7E2}.Development|Win64.ActiveCfg = Development_Game|x64
		{CF8AB07C-E7C1-4A65-83B6-2889E6F2F7E2}.Development|Win64.Build.0 = Development_Game|x64
		{CF8AB07C-E7C1-4A65-83B6-2889E6F2F7E2}.Shipping|HTML5.ActiveCfg = HTML5_Shipping_Game|Win32
		{CF8AB07C-E7C1-4A65-83B6-2889E6F2F7E2}.Shipping|HTML5.Build.0 = HTML5_Shipping_Game|Win32
		{CF8AB07C-E7C1-4A65-83B6-2889E6F2F7E2}.Shipping|Win32.ActiveCfg = Shipping_Game|Win32
		{CF8AB07C-E7C1-4A65-83B6-2889E6F2F7E2}.Shipping|Win32.Build.0 = Shipping_Game|Win32
		{CF8AB07C-E7C1-4A65-83B6-2889E6F2F7E2}.Shipping|Win64.ActiveCfg = Shipping_Game|x64
		{CF8AB07C-E7C1-4A65-83B6-2889E6F2F7E2}.Shipping|Win64.Build.0 = Shipping_Game|x64
	EndGlobalSection
	GlobalSection(SolutionProperties) = preSolution
		HideSolutionNode = FALSE
	EndGlobalSection
	GlobalSection(NestedProjects) = preSolution
		{418C20E5-E35A-43CF-9C4A-CF5C91CE8104} = {3AE1C4C8-2149-47A0-AC19-CF94FF7ADB8A}
		{CF8AB07C-E7C1-4A65-83B6-2889E6F2F7E2} = {44F87F7F-D114-40AC-AF28-794B736B2A30}
	EndGlobalSection
	GlobalSection(ExtensibilityGlobals) = postSolution
		SolutionGuid = {216EDF26-EE9C-46FF-8D81-F94012A96122}
	EndGlobalSection
EndGlobal
